
Microsoft Visual Studio Solution File, Format Version 12.00
# Visual Studio Version 17
VisualStudioVersion = 17.6.33723.286
MinimumVisualStudioVersion = 10.0.40219.1
Project("{FAE04EC0-301F-11D3-BF4B-00C04F79EFBC}") = "лаба вордскилз номер 2 05.04.29", "лаба вордскилз номер 2 05.04.29\лаба вордскилз номер 2 05.04.29.csproj", "{5DDBA107-28B2-48E5-8608-4C2F1D7892DA}"
EndProject
Global
	GlobalSection(SolutionConfigurationPlatforms) = preSolution
		Debug|Any CPU = Debug|Any CPU
		Release|Any CPU = Release|Any CPU
	EndGlobalSection
	GlobalSection(ProjectConfigurationPlatforms) = postSolution
		{5DDBA107-28B2-48E5-8608-4C2F1D7892DA}.Debug|Any CPU.ActiveCfg = Debug|Any CPU
		{5DDBA107-28B2-48E5-8608-4C2F1D7892DA}.Debug|Any CPU.Build.0 = Debug|Any CPU
		{5DDBA107-28B2-48E5-8608-4C2F1D7892DA}.Release|Any CPU.ActiveCfg = Release|Any CPU
		{5DDBA107-28B2-48E5-8608-4C2F1D7892DA}.Release|Any CPU.Build.0 = Release|Any CPU
	EndGlobalSection
	GlobalSection(SolutionProperties) = preSolution
		HideSolutionNode = FALSE
	EndGlobalSection
	GlobalSection(ExtensibilityGlobals) = postSolution
		SolutionGuid = {C35D78D6-0A83-453B-873B-CF4BF65495C6}
	EndGlobalSection
EndGlobal
